// !$*UTF8*$!
{
	archiveVersion = 1;
	classes = {
	};
	objectVersion = 46;
	objects = {

/* Begin PBXBuildFile section */
		E120F7531CB51BFD00AB45AD /* AppDelegate.swift in Sources */ = {isa = PBXBuildFile; fileRef = E120F7521CB51BFD00AB45AD /* AppDelegate.swift */; };
		E120F7551CB51BFD00AB45AD /* ViewController.swift in Sources */ = {isa = PBXBuildFile; fileRef = E120F7541CB51BFD00AB45AD /* ViewController.swift */; };
		E120F7581CB51BFD00AB45AD /* Main.storyboard in Resources */ = {isa = PBXBuildFile; fileRef = E120F7561CB51BFD00AB45AD /* Main.storyboard */; };
		E120F75A1CB51BFD00AB45AD /* Assets.xcassets in Resources */ = {isa = PBXBuildFile; fileRef = E120F7591CB51BFD00AB45AD /* Assets.xcassets */; };
		E120F75D1CB51BFD00AB45AD /* LaunchScreen.storyboard in Resources */ = {isa = PBXBuildFile; fileRef = E120F75B1CB51BFD00AB45AD /* LaunchScreen.storyboard */; };
		E120F7651CB51C5400AB45AD /* QorumLogs.swift in Sources */ = {isa = PBXBuildFile; fileRef = E120F7641CB51C5400AB45AD /* QorumLogs.swift */; };
/* End PBXBuildFile section */

/* Begin PBXFileReference section */
		E120F74F1CB51BFD00AB45AD /* QorumLogsExample.app */ = {isa = PBXFileReference; explicitFileType = wrapper.application; includeInIndex = 0; path = QorumLogsExample.app; sourceTree = BUILT_PRODUCTS_DIR; };
		E120F7521CB51BFD00AB45AD /* AppDelegate.swift */ = {isa = PBXFileReference; lastKnownFileType = sourcecode.swift; path = AppDelegate.swift; sourceTree = "<group>"; };
		E120F7541CB51BFD00AB45AD /* ViewController.swift */ = {isa = PBXFileReference; lastKnownFileType = sourcecode.swift; path = ViewController.swift; sourceTree = "<group>"; };
		E120F7571CB51BFD00AB45AD /* Base */ = {isa = PBXFileReference; lastKnownFileType = file.storyboard; name = Base; path = Base.lproj/Main.storyboard; sourceTree = "<group>"; };
		E120F7591CB51BFD00AB45AD /* Assets.xcassets */ = {isa = PBXFileReference; lastKnownFileType = folder.assetcatalog; path = Assets.xcassets; sourceTree = "<group>"; };
		E120F75C1CB51BFD00AB45AD /* Base */ = {isa = PBXFileReference; lastKnownFileType = file.storyboard; name = Base; path = Base.lproj/LaunchScreen.storyboard; sourceTree = "<group>"; };
		E120F75E1CB51BFD00AB45AD /* Info.plist */ = {isa = PBXFileReference; lastKnownFileType = text.plist.xml; path = Info.plist; sourceTree = "<group>"; };
		E120F7641CB51C5400AB45AD /* QorumLogs.swift */ = {isa = PBXFileReference; fileEncoding = 4; lastKnownFileType = sourcecode.swift; name = QorumLogs.swift; path = ../../QorumLogs.swift; sourceTree = "<group>"; };
/* End PBXFileReference section */

/* Begin PBXFrameworksBuildPhase section */
		E120F74C1CB51BFD00AB45AD /* Frameworks */ = {
			isa = PBXFrameworksBuildPhase;
			buildActionMask = 2147483647;
			files = (
			);
			runOnlyForDeploymentPostprocessing = 0;
		};
/* End PBXFrameworksBuildPhase section */

/* Begin PBXGroup section */
		E120F7461CB51BFD00AB45AD = {
			isa = PBXGroup;
			children = (
				E120F7511CB51BFD00AB45AD /* QorumLogsExample */,
				E120F7501CB51BFD00AB45AD /* Products */,
			);
			sourceTree = "<group>";
		};
		E120F7501CB51BFD00AB45AD /* Products */ = {
			isa = PBXGroup;
			children = (
				E120F74F1CB51BFD00AB45AD /* QorumLogsExample.app */,
			);
			name = Products;
			sourceTree = "<group>";
		};
		E120F7511CB51BFD00AB45AD /* QorumLogsExample */ = {
			isa = PBXGroup;
			children = (
				E120F7521CB51BFD00AB45AD /* AppDelegate.swift */,
				E120F7541CB51BFD00AB45AD /* ViewController.swift */,
				E120F7641CB51C5400AB45AD /* QorumLogs.swift */,
				E120F7561CB51BFD00AB45AD /* Main.storyboard */,
				E120F7591CB51BFD00AB45AD /* Assets.xcassets */,
				E120F75B1CB51BFD00AB45AD /* LaunchScreen.storyboard */,
				E120F75E1CB51BFD00AB45AD /* Info.plist */,
			);
			path = QorumLogsExample;
			sourceTree = "<group>";
		};
/* End PBXGroup section */

/* Begin PBXNativeTarget section */
		E120F74E1CB51BFD00AB45AD /* QorumLogsExample */ = {
			isa = PBXNativeTarget;
			buildConfigurationList = E120F7611CB51BFD00AB45AD /* Build configuration list for PBXNativeTarget "QorumLogsExample" */;
			buildPhases = (
				E120F74B1CB51BFD00AB45AD /* Sources */,
				E120F74C1CB51BFD00AB45AD /* Frameworks */,
				E120F74D1CB51BFD00AB45AD /* Resources */,
			);
			buildRules = (
			);
			dependencies = (
			);
			name = QorumLogsExample;
			productName = QorumLogsExample;
			productReference = E120F74F1CB51BFD00AB45AD /* QorumLogsExample.app */;
			productType = "com.apple.product-type.application";
		};
/* End PBXNativeTarget section */

/* Begin PBXProject section */
		E120F7471CB51BFD00AB45AD /* Project object */ = {
			isa = PBXProject;
			attributes = {
				LastSwiftUpdateCheck = 0730;
				LastUpgradeCheck = 0800;
				ORGANIZATIONNAME = "Goktug Yilmaz";
				TargetAttributes = {
					E120F74E1CB51BFD00AB45AD = {
						CreatedOnToolsVersion = 7.3;
						LastSwiftMigration = 0800;
					};
				};
			};
			buildConfigurationList = E120F74A1CB51BFD00AB45AD /* Build configuration list for PBXProject "QorumLogsExample" */;
			compatibilityVersion = "Xcode 3.2";
			developmentRegion = English;
			hasScannedForEncodings = 0;
			knownRegions = (
				en,
				Base,
			);
			mainGroup = E120F7461CB51BFD00AB45AD;
			productRefGroup = E120F7501CB51BFD00AB45AD /* Products */;
			projectDirPath = "";
			projectRoot = "";
			targets = (
				E120F74E1CB51BFD00AB45AD /* QorumLogsExample */,
			);
		};
/* End PBXProject section */

/* Begin PBXResourcesBuildPhase section */
		E120F74D1CB51BFD00AB45AD /* Resources */ = {
			isa = PBXResourcesBuildPhase;
			buildActionMask = 2147483647;
			files = (
				E120F75D1CB51BFD00AB45AD /* LaunchScreen.storyboard in Resources */,
				E120F75A1CB51BFD00AB45AD /* Assets.xcassets in Resources */,
				E120F7581CB51BFD00AB45AD /* Main.storyboard in Resources */,
			);
			runOnlyForDeploymentPostprocessing = 0;
		};
/* End PBXResourcesBuildPhase section */

/* Begin PBXSourcesBuildPhase section */
		E120F74B1CB51BFD00AB45AD /* Sources */ = {
			isa = PBXSourcesBuildPhase;
			buildActionMask = 2147483647;
			files = (
				E120F7551CB51BFD00AB45AD /* ViewController.swift in Sources */,
				E120F7531CB51BFD00AB45AD /* AppDelegate.swift in Sources */,
				E120F7651CB51C5400AB45AD /* QorumLogs.swift in Sources */,
			);
			runOnlyForDeploymentPostprocessing = 0;
		};
/* End PBXSourcesBuildPhase section */

/* Begin PBXVariantGroup section */
		E120F7561CB51BFD00AB45AD /* Main.storyboard */ = {
			isa = PBXVariantGroup;
			children = (
				E120F7571CB51BFD00AB45AD /* Base */,
			);
			name = Main.storyboard;
			sourceTree = "<group>";
		};
		E120F75B1CB51BFD00AB45AD /* LaunchScreen.storyboard */ = {
			isa = PBXVariantGroup;
			children = (
				E120F75C1CB51BFD00AB45AD /* Base */,
			);
			name = LaunchScreen.storyboard;
			sourceTree = "<group>";
		};
/* End PBXVariantGroup section */

/* Begin XCBuildConfiguration section */
		E120F75F1CB51BFD00AB45AD /* Debug */ = {
			isa = XCBuildConfiguration;
			buildSettings = {
				ALWAYS_SEARCH_USER_PATHS = NO;
				CLANG_ANALYZER_NONNULL = YES;
				CLANG_CXX_LANGUAGE_STANDARD = "gnu++0x";
				CLANG_CXX_LIBRARY = "libc++";
				CLANG_ENABLE_MODULES = YES;
				CLANG_ENABLE_OBJC_ARC = YES;
				CLANG_WARN_BOOL_CONVERSION = YES;
				CLANG_WARN_CONSTANT_CONVERSION = YES;
				CLANG_WARN_DIRECT_OBJC_ISA_USAGE = YES_ERROR;
				CLANG_WARN_EMPTY_BODY = YES;
				CLANG_WARN_ENUM_CONVERSION = YES;
				CLANG_WARN_INFINITE_RECURSION = YES;
				CLANG_WARN_INT_CONVERSION = YES;
				CLANG_WARN_OBJC_ROOT_CLASS = YES_ERROR;
				CLANG_WARN_SUSPICIOUS_MOVE = YES;
				CLANG_WARN_UNREACHABLE_CODE = YES;
				CLANG_WARN__DUPLICATE_METHOD_MATCH = YES;
				"CODE_SIGN_IDENTITY[sdk=iphoneos*]" = "iPhone Developer";
				COPY_PHASE_STRIP = NO;
				DEBUG_INFORMATION_FORMAT = dwarf;
				ENABLE_STRICT_OBJC_MSGSEND = YES;
				ENABLE_TESTABILITY = YES;
				GCC_C_LANGUAGE_STANDARD = gnu99;
				GCC_DYNAMIC_NO_PIC = NO;
				GCC_NO_COMMON_BLOCKS = YES;
				GCC_OPTIMIZATION_LEVEL = 0;
				GCC_PREPROCESSOR_DEFINITIONS = (
					"DEBUG=1",
					"$(inherited)",
				);
				GCC_WARN_64_TO_32_BIT_CONVERSION = YES;
				GCC_WARN_ABOUT_RETURN_TYPE = YES_ERROR;
				GCC_WARN_UNDECLARED_SELECTOR = YES;
				GCC_WARN_UNINITIALIZED_AUTOS = YES_AGGRESSIVE;
				GCC_WARN_UNUSED_FUNCTION = YES;
				GCC_WARN_UNUSED_VARIABLE = YES;
				IPHONEOS_DEPLOYMENT_TARGET = 9.3;
				MTL_ENABLE_DEBUG_INFO = YES;
				ONLY_ACTIVE_ARCH = YES;
				SDKROOT = iphoneos;
				SWIFT_OPTIMIZATION_LEVEL = "-Onone";
				SWIFT_VERSION = 3.0;
			};
			name = Debug;
		};
		E120F7601CB51BFD00AB45AD /* Release */ = {
			isa = XCBuildConfiguration;
			buildSettings = {
				ALWAYS_SEARCH_USER_PATHS = NO;
				CLANG_ANALYZER_NONNULL = YES;
				CLANG_CXX_LANGUAGE_STANDARD = "gnu++0x";
				CLANG_CXX_LIBRARY = "libc++";
				CLANG_ENABLE_MODULES = YES;
				CLANG_ENABLE_OBJC_ARC = YES;
				CLANG_WARN_BOOL_CONVERSION = YES;
				CLANG_WARN_CONSTANT_CONVERSION = YES;
				CLANG_WARN_DIRECT_OBJC_ISA_USAGE = YES_ERROR;
				CLANG_WARN_EMPTY_BODY = YES;
				CLANG_WARN_ENUM_CONVERSION = YES;
				CLANG_WARN_INFINITE_RECURSION = YES;
				CLANG_WARN_INT_CONVERSION = YES;
				CLANG_WARN_OBJC_ROOT_CLASS = YES_ERROR;
				CLANG_WARN_SUSPICIOUS_MOVE = YES;
				CLANG_WARN_UNREACHABLE_CODE = YES;
				CLANG_WARN__DUPLICATE_METHOD_MATCH = YES;
				"CODE_SIGN_IDENTITY[sdk=iphoneos*]" = "iPhone Developer";
				COPY_PHASE_STRIP = NO;
				DEBUG_INFORMATION_FORMAT = "dwarf-with-dsym";
				ENABLE_NS_ASSERTIONS = NO;
				ENABLE_STRICT_OBJC_MSGSEND = YES;
				GCC_C_LANGUAGE_STANDARD = gnu99;
				GCC_NO_COMMON_BLOCKS = YES;
				GCC_WARN_64_TO_32_BIT_CONVERSION = YES;
				GCC_WARN_ABOUT_RETURN_TYPE = YES_ERROR;
				GCC_WARN_UNDECLARED_SELECTOR = YES;
				GCC_WARN_UNINITIALIZED_AUTOS = YES_AGGRESSIVE;
				GCC_WARN_UNUSED_FUNCTION = YES;
				GCC_WARN_UNUSED_VARIABLE = YES;
				IPHONEOS_DEPLOYMENT_TARGET = 9.3;
				MTL_ENABLE_DEBUG_INFO = NO;
				SDKROOT = iphoneos;
				SWIFT_OPTIMIZATION_LEVEL = "-Owholemodule";
				SWIFT_VERSION = 3.0;
				VALIDATE_PRODUCT = YES;
			};
			name = Release;
		};
		E120F7621CB51BFD00AB45AD /* Debug */ = {
			isa = XCBuildConfiguration;
			buildSettings = {
				ASSETCATALOG_COMPILER_APPICON_NAME = AppIcon;
				INFOPLIST_FILE = QorumLogsExample/Info.plist;
				LD_RUNPATH_SEARCH_PATHS = "$(inherited) @executable_path/Frameworks";
				PRODUCT_BUNDLE_IDENTIFIER = com.goktugyil.QorumLogsExample;
				PRODUCT_NAME = "$(TARGET_NAME)";
				SWIFT_VERSION = 3.0;
			};
			name = Debug;
		};
		E120F7631CB51BFD00AB45AD /* Release */ = {
			isa = XCBuildConfiguration;
			buildSettings = {
				ASSETCATALOG_COMPILER_APPICON_NAME = AppIcon;
				INFOPLIST_FILE = QorumLogsExample/Info.plist;
				LD_RUNPATH_SEARCH_PATHS = "$(inherited) @executable_path/Frameworks";
				PRODUCT_BUNDLE_IDENTIFIER = com.goktugyil.QorumLogsExample;
				PRODUCT_NAME = "$(TARGET_NAME)";
				SWIFT_VERSION = 3.0;
			};
			name = Release;
		};
/* End XCBuildConfiguration section */

/* Begin XCConfigurationList section */
		E120F74A1CB51BFD00AB45AD /* Build configuration list for PBXProject "QorumLogsExample" */ = {
			isa = XCConfigurationList;
			buildConfigurations = (
				E120F75F1CB51BFD00AB45AD /* Debug */,
				E120F7601CB51BFD00AB45AD /* Release */,
			);
			defaultConfigurationIsVisible = 0;
			defaultConfigurationName = Release;
		};
		E120F7611CB51BFD00AB45AD /* Build configuration list for PBXNativeTarget "QorumLogsExample" */ = {
			isa = XCConfigurationList;
			buildConfigurations = (
				E120F7621CB51BFD00AB45AD /* Debug */,
				E120F7631CB51BFD00AB45AD /* Release */,
			);
			defaultConfigurationIsVisible = 0;
			defaultConfigurationName = Release;
		};
/* End XCConfigurationList section */
	};
	rootObject = E120F7471CB51BFD00AB45AD /* Project object */;
}
